
Microsoft Visual Studio Solution File, Format Version 9.00
# Visual Studio 2005
Project("{8BC9CEB8-8B4A-11D0-8D11-00A0C91BC942}") = "POJ1054讨厌的青蛙", "POJ1054讨厌的青蛙\POJ1054讨厌的青蛙.vcproj", "{8F568371-3C97-43D5-8329-DEF6A75EB173}"
EndProject
Global
	GlobalSection(SolutionConfigurationPlatforms) = preSolution
		Debug|Win32 = Debug|Win32
		Release|Win32 = Release|Win32
	EndGlobalSection
	GlobalSection(ProjectConfigurationPlatforms) = postSolution
		{8F568371-3C97-43D5-8329-DEF6A75EB173}.Debug|Win32.ActiveCfg = Debug|Win32
		{8F568371-3C97-43D5-8329-DEF6A75EB173}.Debug|Win32.Build.0 = Debug|Win32
		{8F568371-3C97-43D5-8329-DEF6A75EB173}.Release|Win32.ActiveCfg = Release|Win32
		{8F568371-3C97-43D5-8329-DEF6A75EB173}.Release|Win32.Build.0 = Release|Win32
	EndGlobalSection
	GlobalSection(SolutionProperties) = preSolution
		HideSolutionNode = FALSE
	EndGlobalSection
EndGlobal
