
Microsoft Visual Studio Solution File, Format Version 9.00
# Visual Studio 2005
Project("{8BC9CEB8-8B4A-11D0-8D11-00A0C91BC942}") = "POJ1222熄灯问题", "POJ1222熄灯问题\POJ1222熄灯问题.vcproj", "{D08D91A4-7BD8-4FA8-90E0-198F604C3C1E}"
EndProject
Global
	GlobalSection(SolutionConfigurationPlatforms) = preSolution
		Debug|Win32 = Debug|Win32
		Release|Win32 = Release|Win32
	EndGlobalSection
	GlobalSection(ProjectConfigurationPlatforms) = postSolution
		{D08D91A4-7BD8-4FA8-90E0-198F604C3C1E}.Debug|Win32.ActiveCfg = Debug|Win32
		{D08D91A4-7BD8-4FA8-90E0-198F604C3C1E}.Debug|Win32.Build.0 = Debug|Win32
		{D08D91A4-7BD8-4FA8-90E0-198F604C3C1E}.Release|Win32.ActiveCfg = Release|Win32
		{D08D91A4-7BD8-4FA8-90E0-198F604C3C1E}.Release|Win32.Build.0 = Release|Win32
	EndGlobalSection
	GlobalSection(SolutionProperties) = preSolution
		HideSolutionNode = FALSE
	EndGlobalSection
EndGlobal
